
Microsoft Visual Studio Solution File, Format Version 12.00
# Visual Studio Version 17
VisualStudioVersion = 17.7.34031.279
MinimumVisualStudioVersion = 10.0.40219.1
Project("{FAE04EC0-301F-11D3-BF4B-00C04F79EFBC}") = "RPG_Game", "RPG_Game\RPG_Game.csproj", "{BC69D68F-F1CD-43CA-9E9B-11D911C77644}"
EndProject
Global
	GlobalSection(SolutionConfigurationPlatforms) = preSolution
		Debug|Any CPU = Debug|Any CPU
		Release|Any CPU = Release|Any CPU
	EndGlobalSection
	GlobalSection(ProjectConfigurationPlatforms) = postSolution
		{BC69D68F-F1CD-43CA-9E9B-11D911C77644}.Debug|Any CPU.ActiveCfg = Debug|Any CPU
		{BC69D68F-F1CD-43CA-9E9B-11D911C77644}.Debug|Any CPU.Build.0 = Debug|Any CPU
		{BC69D68F-F1CD-43CA-9E9B-11D911C77644}.Release|Any CPU.ActiveCfg = Release|Any CPU
		{BC69D68F-F1CD-43CA-9E9B-11D911C77644}.Release|Any CPU.Build.0 = Release|Any CPU
	EndGlobalSection
	GlobalSection(SolutionProperties) = preSolution
		HideSolutionNode = FALSE
	EndGlobalSection
	GlobalSection(ExtensibilityGlobals) = postSolution
		SolutionGuid = {11477659-ECB1-47A6-9082-55606A7C5FC2}
	EndGlobalSection
EndGlobal
